
Microsoft Visual Studio Solution File, Format Version 12.00
# Visual Studio 2012
Project("{FAE04EC0-301F-11D3-BF4B-00C04F79EFBC}") = "UpdateDK", "UpdateDK\UpdateDK.csproj", "{A845B650-0AAB-4CE2-B9D4-123B166A7934}"
EndProject
Global
	GlobalSection(SolutionConfigurationPlatforms) = preSolution
		Debug|Any CPU = Debug|Any CPU
		Release|Any CPU = Release|Any CPU
	EndGlobalSection
	GlobalSection(ProjectConfigurationPlatforms) = postSolution
		{A845B650-0AAB-4CE2-B9D4-123B166A7934}.Debug|Any CPU.ActiveCfg = Debug|Any CPU
		{A845B650-0AAB-4CE2-B9D4-123B166A7934}.Debug|Any CPU.Build.0 = Debug|Any CPU
		{A845B650-0AAB-4CE2-B9D4-123B166A7934}.Release|Any CPU.ActiveCfg = Release|Any CPU
		{A845B650-0AAB-4CE2-B9D4-123B166A7934}.Release|Any CPU.Build.0 = Release|Any CPU
	EndGlobalSection
	GlobalSection(SolutionProperties) = preSolution
		HideSolutionNode = FALSE
	EndGlobalSection
EndGlobal
